# @generated - this file is auto-generated by `mise lock` https://mise.jdx.dev/dev-tools/mise-lock.html

lockfile_version = 2

[[tools.cargo-binstall]]
version = "1.21.0"
backend = "aqua:cargo-bins/cargo-binstall"
specifiers = ["latest"]

[tools.cargo-binstall."platforms.linux-arm64"]
checksum = "sha256:f70991d597655bc928444c0ac0dedcbd1d16a9e64d0b1ea544dde2cc710e25f6"
url = "https://github.com/cargo-bins/cargo-binstall/releases/download/v1.21.0/cargo-binstall-aarch64-unknown-linux-gnu.tgz"
url_api = "https://api.github.com/repos/cargo-bins/cargo-binstall/releases/assets/476613164"
provenance = "github-attestations"

[tools.cargo-binstall."platforms.linux-arm64-musl"]
checksum = "sha256:31f0564854bd031f20c9abfe33312ea630e6a06a2f6d6309b54b5649608f55be"
url = "https://github.com/cargo-bins/cargo-binstall/releases/download/v1.21.0/cargo-binstall-aarch64-unknown-linux-musl.tgz"
url_api = "https://api.github.com/repos/cargo-bins/cargo-binstall/releases/assets/476613087"
provenance = "github-attestations"

[tools.cargo-binstall."platforms.linux-x64"]
checksum = "sha256:a753a83ea4c79a629790e003822d4e82bec5bf839120f1826969c2401bd9f559"
url = "https://github.com/cargo-bins/cargo-binstall/releases/download/v1.21.0/cargo-binstall-x86_64-unknown-linux-gnu.tgz"
url_api = "https://api.github.com/repos/cargo-bins/cargo-binstall/releases/assets/476612775"
provenance = "github-attestations"

[tools.cargo-binstall."platforms.linux-x64-musl"]
checksum = "sha256:b1880b3631d1ff0fd1f286a0d20f82f373355651f9fbd7f4d0d7fbfe218bf562"
url = "https://github.com/cargo-bins/cargo-binstall/releases/download/v1.21.0/cargo-binstall-x86_64-unknown-linux-musl.tgz"
url_api = "https://api.github.com/repos/cargo-bins/cargo-binstall/releases/assets/476612736"
provenance = "github-attestations"

[tools.cargo-binstall."platforms.macos-arm64"]
checksum = "sha256:e44737132b2d0543e72a6f128307ebbf204b171f57b2ea9db55b8bbe54b6b632"
url = "https://github.com/cargo-bins/cargo-binstall/releases/download/v1.21.0/cargo-binstall-aarch64-apple-darwin.zip"
url_api = "https://api.github.com/repos/cargo-bins/cargo-binstall/releases/assets/476613286"
provenance = "github-attestations"

[tools.cargo-binstall."platforms.macos-x64"]
checksum = "sha256:ad7cd72d8074ef613ab392cae291c7c8bcc25a4f6690e726ed665ded8640871e"
url = "https://github.com/cargo-bins/cargo-binstall/releases/download/v1.21.0/cargo-binstall-x86_64-apple-darwin.zip"
url_api = "https://api.github.com/repos/cargo-bins/cargo-binstall/releases/assets/476612855"
provenance = "github-attestations"

[tools.cargo-binstall."platforms.windows-x64"]
checksum = "sha256:f87cc2ca3a103664dab3eac521aa4e49ae72fa0b1e70fba837cd12932001629b"
url = "https://github.com/cargo-bins/cargo-binstall/releases/download/v1.21.0/cargo-binstall-x86_64-pc-windows-msvc.zip"
url_api = "https://api.github.com/repos/cargo-bins/cargo-binstall/releases/assets/476612813"
provenance = "github-attestations"

[[tools.git-cliff]]
version = "2.12.0"
backend = "aqua:orhun/git-cliff"
specifiers = ["latest"]

[tools.git-cliff."platforms.linux-arm64"]
checksum = "sha256:9d7aa3c1a860d9c9813458fcdd1846e2859c560d86c7b401e5e58dc10790f94b"
url = "https://github.com/orhun/git-cliff/releases/download/v2.12.0/git-cliff-2.12.0-aarch64-unknown-linux-gnu.tar.gz"
url_api = "https://api.github.com/repos/orhun/git-cliff/releases/assets/343377984"

[tools.git-cliff."platforms.linux-arm64-musl"]
checksum = "sha256:a2d262b389aed349e0564aaaa38a44015c98a951048923b086d6cf732f6dbbaf"
url = "https://github.com/orhun/git-cliff/releases/download/v2.12.0/git-cliff-2.12.0-aarch64-unknown-linux-musl.tar.gz"
url_api = "https://api.github.com/repos/orhun/git-cliff/releases/assets/343378026"

[tools.git-cliff."platforms.linux-x64"]
checksum = "sha256:6241bd23554daf527ca8ff0dc475a272b0155bede8a000e7a9d74b771036a7bd"
url = "https://github.com/orhun/git-cliff/releases/download/v2.12.0/git-cliff-2.12.0-x86_64-unknown-linux-gnu.tar.gz"
url_api = "https://api.github.com/repos/orhun/git-cliff/releases/assets/343377955"

[tools.git-cliff."platforms.linux-x64-musl"]
checksum = "sha256:c89a7bc55f3c51f391938aa3fa560125109695c1930d927879daea68dd786420"
url = "https://github.com/orhun/git-cliff/releases/download/v2.12.0/git-cliff-2.12.0-x86_64-unknown-linux-musl.tar.gz"
url_api = "https://api.github.com/repos/orhun/git-cliff/releases/assets/343378176"

[tools.git-cliff."platforms.macos-arm64"]
checksum = "sha256:2ae72a0061bee98d0e375f2ea8e0f4b23b4915ac2e37fa45a705066de49b43a0"
url = "https://github.com/orhun/git-cliff/releases/download/v2.12.0/git-cliff-2.12.0-aarch64-apple-darwin.tar.gz"
url_api = "https://api.github.com/repos/orhun/git-cliff/releases/assets/343378832"

[tools.git-cliff."platforms.macos-x64"]
checksum = "sha256:fd4bce35ea8a6f3af6ac4891073781ca24c654c36c83c865bc30bab332c05a14"
url = "https://github.com/orhun/git-cliff/releases/download/v2.12.0/git-cliff-2.12.0-x86_64-apple-darwin.tar.gz"
url_api = "https://api.github.com/repos/orhun/git-cliff/releases/assets/343379425"

[tools.git-cliff."platforms.windows-x64"]
checksum = "sha256:f2b8c692d9488c3313d7786e2099976151c10fd8f76580b12d045bb9683a8379"
url = "https://github.com/orhun/git-cliff/releases/download/v2.12.0/git-cliff-2.12.0-x86_64-pc-windows-msvc.zip"
url_api = "https://api.github.com/repos/orhun/git-cliff/releases/assets/343380021"

[[tools.node]]
version = "24.21.0"
backend = "core:node"
specifiers = [
    "24",
    "lts",
]

[tools.node."platforms.linux-arm64"]
checksum = "sha256:724282c3b43aec998aa9527380465b45d229e021b58035f5f4f63095eabfe5d5"
url = "https://nodejs.org/dist/v24.21.0/node-v24.21.0-linux-arm64.tar.gz"

[tools.node."platforms.linux-arm64-musl"]
checksum = "sha256:3048b0811e158ca0d8672b59c839861763e144492980d8d29b369dfee45747e4"
url = "https://unofficial-builds.nodejs.org/download/release/v24.21.0/node-v24.21.0-linux-arm64-musl.tar.gz"

[tools.node."platforms.linux-x64"]
checksum = "sha256:6e1db87ef58b8819e5d5402eff1536491b18edd8eb7bee5ef7897876e88dc5ff"
url = "https://nodejs.org/dist/v24.21.0/node-v24.21.0-linux-x64.tar.gz"

[tools.node."platforms.linux-x64-musl"]
checksum = "sha256:01a713e34da98e7b4d2a3191ee7ca3f93dd0384d1a2ef23c379b2161ee6e133a"
url = "https://unofficial-builds.nodejs.org/download/release/v24.21.0/node-v24.21.0-linux-x64-musl.tar.gz"

[tools.node."platforms.macos-arm64"]
checksum = "sha256:bed7eea5325e1108f32ce5228ddd6a5f0f08a499ee42aa7442aea583702f6057"
url = "https://nodejs.org/dist/v24.21.0/node-v24.21.0-darwin-arm64.tar.gz"

[tools.node."platforms.macos-x64"]
checksum = "sha256:1462cb3b3046b815cf8ea436d3da450ec1a9f11dac7e5a46b0ada5305d7e8097"
url = "https://nodejs.org/dist/v24.21.0/node-v24.21.0-darwin-x64.tar.gz"

[tools.node."platforms.windows-x64"]
checksum = "sha256:158f7685b44de51f6c0df1d153526cbcd3e1bc739a8dfc607721cef75de9e541"
url = "https://nodejs.org/dist/v24.21.0/node-v24.21.0-win-x64.zip"

[[tools."npm:pnpm"]]
version = "11.24.0"
aube = { path = ".mise/locks/npm-pnpm/11.24.0", digest = "sha256:fc5b88d016fff14048db96d54e48e1f5bd15cbbf1e251b3dc7e6a69021529608" }
backend = "npm:pnpm"
specifiers = ["latest"]

[[tools.rust]]
version = "stable"
backend = "core:rust"
specifiers = ["stable"]

[tools.rust.options]
components = "clippy,rustfmt"

[[tools.sccache]]
version = "0.17.0"
backend = "aqua:mozilla/sccache"
specifiers = ["latest"]

[tools.sccache."platforms.linux-arm64"]
checksum = "sha256:821a86343191aa1cbab74bd42f9e93c9a63bf85e4742945f40d3ae84193c1c77"
url = "https://github.com/mozilla/sccache/releases/download/v0.17.0/sccache-v0.17.0-aarch64-unknown-linux-musl.tar.gz"
url_api = "https://api.github.com/repos/mozilla/sccache/releases/assets/493678924"

[tools.sccache."platforms.linux-arm64-musl"]
checksum = "sha256:821a86343191aa1cbab74bd42f9e93c9a63bf85e4742945f40d3ae84193c1c77"
url = "https://github.com/mozilla/sccache/releases/download/v0.17.0/sccache-v0.17.0-aarch64-unknown-linux-musl.tar.gz"
url_api = "https://api.github.com/repos/mozilla/sccache/releases/assets/493678924"

[tools.sccache."platforms.linux-x64"]
checksum = "sha256:67c4a96dd237c1f518f6b36083f270f9976d516f1e57fce891755ea782e50006"
url = "https://github.com/mozilla/sccache/releases/download/v0.17.0/sccache-v0.17.0-x86_64-unknown-linux-musl.tar.gz"
url_api = "https://api.github.com/repos/mozilla/sccache/releases/assets/493679099"

[tools.sccache."platforms.linux-x64-musl"]
checksum = "sha256:67c4a96dd237c1f518f6b36083f270f9976d516f1e57fce891755ea782e50006"
url = "https://github.com/mozilla/sccache/releases/download/v0.17.0/sccache-v0.17.0-x86_64-unknown-linux-musl.tar.gz"
url_api = "https://api.github.com/repos/mozilla/sccache/releases/assets/493679099"

[tools.sccache."platforms.macos-arm64"]
checksum = "sha256:0c560bfba31aef5bdfb4fb3d2677f6e61d71c5c00952f2a83344f47aa31f00f1"
url = "https://github.com/mozilla/sccache/releases/download/v0.17.0/sccache-v0.17.0-aarch64-apple-darwin.tar.gz"
url_api = "https://api.github.com/repos/mozilla/sccache/releases/assets/493678886"

[tools.sccache."platforms.macos-x64"]
checksum = "sha256:c2144cafbfe3d22e34ae637f9974ce53613543ac19477fdb287df22ea3668261"
url = "https://github.com/mozilla/sccache/releases/download/v0.17.0/sccache-v0.17.0-x86_64-apple-darwin.tar.gz"
url_api = "https://api.github.com/repos/mozilla/sccache/releases/assets/493679070"

[tools.sccache."platforms.windows-x64"]
checksum = "sha256:caf1932d76a909c909b7a2e41443cdfe3c79a49a380da1a22fa422e1d00d3ca7"
url = "https://github.com/mozilla/sccache/releases/download/v0.17.0/sccache-v0.17.0-x86_64-pc-windows-msvc.tar.gz"
url_api = "https://api.github.com/repos/mozilla/sccache/releases/assets/493679085"

[[tools.shfmt]]
version = "3.13.1"
backend = "aqua:mvdan/sh"
specifiers = ["latest"]

[tools.shfmt."platforms.linux-arm64"]
checksum = "sha256:32d92acaa5cd8abb29fc49dac123dc412442d5713967819d8af2c29f1b3857c7"
url = "https://github.com/mvdan/sh/releases/download/v3.13.1/shfmt_v3.13.1_linux_arm64"
url_api = "https://api.github.com/repos/mvdan/sh/releases/assets/390322859"

[tools.shfmt."platforms.linux-arm64-musl"]
checksum = "sha256:32d92acaa5cd8abb29fc49dac123dc412442d5713967819d8af2c29f1b3857c7"
url = "https://github.com/mvdan/sh/releases/download/v3.13.1/shfmt_v3.13.1_linux_arm64"
url_api = "https://api.github.com/repos/mvdan/sh/releases/assets/390322859"

[tools.shfmt."platforms.linux-x64"]
checksum = "sha256:fb096c5d1ac6beabbdbaa2874d025badb03ee07929f0c9ff67563ce8c75398b1"
url = "https://github.com/mvdan/sh/releases/download/v3.13.1/shfmt_v3.13.1_linux_amd64"
url_api = "https://api.github.com/repos/mvdan/sh/releases/assets/390322866"

[tools.shfmt."platforms.linux-x64-musl"]
checksum = "sha256:fb096c5d1ac6beabbdbaa2874d025badb03ee07929f0c9ff67563ce8c75398b1"
url = "https://github.com/mvdan/sh/releases/download/v3.13.1/shfmt_v3.13.1_linux_amd64"
url_api = "https://api.github.com/repos/mvdan/sh/releases/assets/390322866"

[tools.shfmt."platforms.macos-arm64"]
checksum = "sha256:9680526be4a66ea1ffe988ed08af58e1400fe1e4f4aef5bd88b20bb9b3da33f8"
url = "https://github.com/mvdan/sh/releases/download/v3.13.1/shfmt_v3.13.1_darwin_arm64"
url_api = "https://api.github.com/repos/mvdan/sh/releases/assets/390322881"

[tools.shfmt."platforms.macos-x64"]
checksum = "sha256:6feedafc72915794163114f512348e2437d080d0047ef8b8fa2ec63b575f12af"
url = "https://github.com/mvdan/sh/releases/download/v3.13.1/shfmt_v3.13.1_darwin_amd64"
url_api = "https://api.github.com/repos/mvdan/sh/releases/assets/390322886"

[tools.shfmt."platforms.windows-x64"]
checksum = "sha256:60cd368533d0ad73fa86d93d5bbf95ef40587245ce684ed138c1b31557b5fe97"
url = "https://github.com/mvdan/sh/releases/download/v3.13.1/shfmt_v3.13.1_windows_amd64.exe"
url_api = "https://api.github.com/repos/mvdan/sh/releases/assets/390322844"
